// !$*UTF8*$!
{
	archiveVersion = 1;
	classes = {
	};
	objectVersion = 77;
	objects = {

/* Begin PBXContainerItemProxy section */
		AC9CDE162E8F4044004270E4 /* PBXContainerItemProxy */ = {
			isa = PBXContainerItemProxy;
			containerPortal = AC9CDDF42E8F4042004270E4 /* Project object */;
			proxyType = 1;
			remoteGlobalIDString = AC9CDDFB2E8F4043004270E4;
			remoteInfo = "Blast Away";
		};
		AC9CDE202E8F4044004270E4 /* PBXContainerItemProxy */ = {
			isa = PBXContainerItemProxy;
			containerPortal = AC9CDDF42E8F4042004270E4 /* Project object */;
			proxyType = 1;
			remoteGlobalIDString = AC9CDDFB2E8F4043004270E4;
			remoteInfo = "Blast Away";
		};
/* End PBXContainerItemProxy section */

/* Begin PBXFileReference section */
		AC9CDDFC2E8F4043004270E4 /* Blast Away.app */ = {isa = PBXFileReference; explicitFileType = wrapper.application; includeInIndex = 0; path = "Blast Away.app"; sourceTree = BUILT_PRODUCTS_DIR; };
		AC9CDE152E8F4044004270E4 /* Blast AwayTests.xctest */ = {isa = PBXFileReference; explicitFileType = wrapper.cfbundle; includeInIndex = 0; path = "Blast AwayTests.xctest"; sourceTree = BUILT_PRODUCTS_DIR; };
		AC9CDE1F2E8F4044004270E4 /* Blast AwayUITests.xctest */ = {isa = PBXFileReference; explicitFileType = wrapper.cfbundle; includeInIndex = 0; path = "Blast AwayUITests.xctest"; sourceTree = BUILT_PRODUCTS_DIR; };
/* End PBXFileReference section */

/* Begin PBXFileSystemSynchronizedRootGroup section */
		AC9CDDFE2E8F4043004270E4 /* Blast Away */ = {
			isa = PBXFileSystemSynchronizedRootGroup;
			path = "Blast Away";
			sourceTree = "<group>";
		};
		AC9CDE182E8F4044004270E4 /* Blast AwayTests */ = {
			isa = PBXFileSystemSynchronizedRootGroup;
			path = "Blast AwayTests";
			sourceTree = "<group>";
		};
		AC9CDE222E8F4044004270E4 /* Blast AwayUITests */ = {
			isa = PBXFileSystemSynchronizedRootGroup;
			path = "Blast AwayUITests";
			sourceTree = "<group>";
		};
/* End PBXFileSystemSynchronizedRootGroup section */

/* Begin PBXFrameworksBuildPhase section */
		AC9CDDF92E8F4043004270E4 /* Frameworks */ = {
			isa = PBXFrameworksBuildPhase;
			buildActionMask = 2147483647;
			files = (
			);
			runOnlyForDeploymentPostprocessing = 0;
		};
		AC9CDE122E8F4044004270E4 /* Frameworks */ = {
			isa = PBXFrameworksBuildPhase;
			buildActionMask = 2147483647;
			files = (
			);
			runOnlyForDeploymentPostprocessing = 0;
		};
		AC9CDE1C2E8F4044004270E4 /* Frameworks */ = {
			isa = PBXFrameworksBuildPhase;
			buildActionMask = 2147483647;
			files = (
			);
			runOnlyForDeploymentPostprocessing = 0;
		};
/* End PBXFrameworksBuildPhase section */

/* Begin PBXGroup section */
		AC9CDDF32E8F4042004270E4 = {
			isa = PBXGroup;
			children = (
				AC9CDDFE2E8F4043004270E4 /* Blast Away */,
				AC9CDE182E8F4044004270E4 /* Blast AwayTests */,
				AC9CDE222E8F4044004270E4 /* Blast AwayUITests */,
				AC9CDDFD2E8F4043004270E4 /* Products */,
			);
			sourceTree = "<group>";
		};
		AC9CDDFD2E8F4043004270E4 /* Products */ = {
			isa = PBXGroup;
			children = (
				AC9CDDFC2E8F4043004270E4 /* Blast Away.app */,
				AC9CDE152E8F4044004270E4 /* Blast AwayTests.xctest */,
				AC9CDE1F2E8F4044004270E4 /* Blast AwayUITests.xctest */,
			);
			name = Products;
			sourceTree = "<group>";
		};
/* End PBXGroup section */

/* Begin PBXNativeTarget section */
		AC9CDDFB2E8F4043004270E4 /* Blast Away */ = {
			isa = PBXNativeTarget;
			buildConfigurationList = AC9CDE292E8F4044004270E4 /* Build configuration list for PBXNativeTarget "Blast Away" */;
			buildPhases = (
				AC9CDDF82E8F4043004270E4 /* Sources */,
				AC9CDDF92E8F4043004270E4 /* Frameworks */,
				AC9CDDFA2E8F4043004270E4 /* Resources */,
			);
			buildRules = (
			);
			dependencies = (
			);
			fileSystemSynchronizedGroups = (
				AC9CDDFE2E8F4043004270E4 /* Blast Away */,
			);
			name = "Blast Away";
			packageProductDependencies = (
			);
			productName = "Blast Away";
			productReference = AC9CDDFC2E8F4043004270E4 /* Blast Away.app */;
			productType = "com.apple.product-type.application";
		};
		AC9CDE142E8F4044004270E4 /* Blast AwayTests */ = {
			isa = PBXNativeTarget;
			buildConfigurationList = AC9CDE2C2E8F4044004270E4 /* Build configuration list for PBXNativeTarget "Blast AwayTests" */;
			buildPhases = (
				AC9CDE112E8F4044004270E4 /* Sources */,
				AC9CDE122E8F4044004270E4 /* Frameworks */,
				AC9CDE132E8F4044004270E4 /* Resources */,
			);
			buildRules = (
			);
			dependencies = (
				AC9CDE172E8F4044004270E4 /* PBXTargetDependency */,
			);
			fileSystemSynchronizedGroups = (
				AC9CDE182E8F4044004270E4 /* Blast AwayTests */,
			);
			name = "Blast AwayTests";
			packageProductDependencies = (
			);
			productName = "Blast AwayTests";
			productReference = AC9CDE152E8F4044004270E4 /* Blast AwayTests.xctest */;
			productType = "com.apple.product-type.bundle.unit-test";
		};
		AC9CDE1E2E8F4044004270E4 /* Blast AwayUITests */ = {
			isa = PBXNativeTarget;
			buildConfigurationList = AC9CDE2F2E8F4044004270E4 /* Build configuration list for PBXNativeTarget "Blast AwayUITests" */;
			buildPhases = (
				AC9CDE1B2E8F4044004270E4 /* Sources */,
				AC9CDE1C2E8F4044004270E4 /* Frameworks */,
				AC9CDE1D2E8F4044004270E4 /* Resources */,
			);
			buildRules = (
			);
			dependencies = (
				AC9CDE212E8F4044004270E4 /* PBXTargetDependency */,
			);
			fileSystemSynchronizedGroups = (
				AC9CDE222E8F4044004270E4 /* Blast AwayUITests */,
			);
			name = "Blast AwayUITests";
			packageProductDependencies = (
			);
			productName = "Blast AwayUITests";
			productReference = AC9CDE1F2E8F4044004270E4 /* Blast AwayUITests.xctest */;
			productType = "com.apple.product-type.bundle.ui-testing";
		};
/* End PBXNativeTarget section */

/* Begin PBXProject section */
		AC9CDDF42E8F4042004270E4 /* Project object */ = {
			isa = PBXProject;
			attributes = {
				BuildIndependentTargetsInParallel = 1;
				LastSwiftUpdateCheck = 1640;
				LastUpgradeCheck = 1640;
				TargetAttributes = {
					AC9CDDFB2E8F4043004270E4 = {
						CreatedOnToolsVersion = 16.4;
					};
					AC9CDE142E8F4044004270E4 = {
						CreatedOnToolsVersion = 16.4;
						TestTargetID = AC9CDDFB2E8F4043004270E4;
					};
					AC9CDE1E2E8F4044004270E4 = {
						CreatedOnToolsVersion = 16.4;
						TestTargetID = AC9CDDFB2E8F4043004270E4;
					};
				};
			};
			buildConfigurationList = AC9CDDF72E8F4043004270E4 /* Build configuration list for PBXProject "Blast Away" */;
			developmentRegion = en;
			hasScannedForEncodings = 0;
			knownRegions = (
				en,
				Base,
			);
			mainGroup = AC9CDDF32E8F4042004270E4;
			minimizedProjectReferenceProxies = 1;
			preferredProjectObjectVersion = 77;
			productRefGroup = AC9CDDFD2E8F4043004270E4 /* Products */;
			projectDirPath = "";
			projectRoot = "";
			targets = (
				AC9CDDFB2E8F4043004270E4 /* Blast Away */,
				AC9CDE142E8F4044004270E4 /* Blast AwayTests */,
				AC9CDE1E2E8F4044004270E4 /* Blast AwayUITests */,
			);
		};
/* End PBXProject section */

/* Begin PBXResourcesBuildPhase section */
		AC9CDDFA2E8F4043004270E4 /* Resources */ = {
			isa = PBXResourcesBuildPhase;
			buildActionMask = 2147483647;
			files = (
			);
			runOnlyForDeploymentPostprocessing = 0;
		};
		AC9CDE132E8F4044004270E4 /* Resources */ = {
			isa = PBXResourcesBuildPhase;
			buildActionMask = 2147483647;
			files = (
			);
			runOnlyForDeploymentPostprocessing = 0;
		};
		AC9CDE1D2E8F4044004270E4 /* Resources */ = {
			isa = PBXResourcesBuildPhase;
			buildActionMask = 2147483647;
			files = (
			);
			runOnlyForDeploymentPostprocessing = 0;
		};
/* End PBXResourcesBuildPhase section */

/* Begin PBXSourcesBuildPhase section */
		AC9CDDF82E8F4043004270E4 /* Sources */ = {
			isa = PBXSourcesBuildPhase;
			buildActionMask = 2147483647;
			files = (
			);
			runOnlyForDeploymentPostprocessing = 0;
		};
		AC9CDE112E8F4044004270E4 /* Sources */ = {
			isa = PBXSourcesBuildPhase;
			buildActionMask = 2147483647;
			files = (
			);
			runOnlyForDeploymentPostprocessing = 0;
		};
		AC9CDE1B2E8F4044004270E4 /* Sources */ = {
			isa = PBXSourcesBuildPhase;
			buildActionMask = 2147483647;
			files = (
			);
			runOnlyForDeploymentPostprocessing = 0;
		};
/* End PBXSourcesBuildPhase section */

/* Begin PBXTargetDependency section */
		AC9CDE172E8F4044004270E4 /* PBXTargetDependency */ = {
			isa = PBXTargetDependency;
			target = AC9CDDFB2E8F4043004270E4 /* Blast Away */;
			targetProxy = AC9CDE162E8F4044004270E4 /* PBXContainerItemProxy */;
		};
		AC9CDE212E8F4044004270E4 /* PBXTargetDependency */ = {
			isa = PBXTargetDependency;
			target = AC9CDDFB2E8F4043004270E4 /* Blast Away */;
			targetProxy = AC9CDE202E8F4044004270E4 /* PBXContainerItemProxy */;
		};
/* End PBXTargetDependency section */

/* Begin XCBuildConfiguration section */
		AC9CDE272E8F4044004270E4 /* Debug */ = {
			isa = XCBuildConfiguration;
			buildSettings = {
				ALWAYS_SEARCH_USER_PATHS = NO;
				ASSETCATALOG_COMPILER_GENERATE_SWIFT_ASSET_SYMBOL_EXTENSIONS = YES;
				CLANG_ANALYZER_NONNULL = YES;
				CLANG_ANALYZER_NUMBER_OBJECT_CONVERSION = YES_AGGRESSIVE;
				CLANG_CXX_LANGUAGE_STANDARD = "gnu++20";
				CLANG_ENABLE_MODULES = YES;
				CLANG_ENABLE_OBJC_ARC = YES;
				CLANG_ENABLE_OBJC_WEAK = YES;
				CLANG_WARN_BLOCK_CAPTURE_AUTORELEASING = YES;
				CLANG_WARN_BOOL_CONVERSION = YES;
				CLANG_WARN_COMMA = YES;
				CLANG_WARN_CONSTANT_CONVERSION = YES;
				CLANG_WARN_DEPRECATED_OBJC_IMPLEMENTATIONS = YES;
				CLANG_WARN_DIRECT_OBJC_ISA_USAGE = YES_ERROR;
				CLANG_WARN_DOCUMENTATION_COMMENTS = YES;
				CLANG_WARN_EMPTY_BODY = YES;
				CLANG_WARN_ENUM_CONVERSION = YES;
				CLANG_WARN_INFINITE_RECURSION = YES;
				CLANG_WARN_INT_CONVERSION = YES;
				CLANG_WARN_NON_LITERAL_NULL_CONVERSION = YES;
				CLANG_WARN_OBJC_IMPLICIT_RETAIN_SELF = YES;
				CLANG_WARN_OBJC_LITERAL_CONVERSION = YES;
				CLANG_WARN_OBJC_ROOT_CLASS = YES_ERROR;
				CLANG_WARN_QUOTED_INCLUDE_IN_FRAMEWORK_HEADER = YES;
				CLANG_WARN_RANGE_LOOP_ANALYSIS = YES;
				CLANG_WARN_STRICT_PROTOTYPES = YES;
				CLANG_WARN_SUSPICIOUS_MOVE = YES;
				CLANG_WARN_UNGUARDED_AVAILABILITY = YES_AGGRESSIVE;
				CLANG_WARN_UNREACHABLE_CODE = YES;
				CLANG_WARN__DUPLICATE_METHOD_MATCH = YES;
				COPY_PHASE_STRIP = NO;
				DEBUG_INFORMATION_FORMAT = dwarf;
				DEVELOPMENT_TEAM = G89EWQ8NK5;
				ENABLE_STRICT_OBJC_MSGSEND = YES;
				ENABLE_TESTABILITY = YES;
				ENABLE_USER_SCRIPT_SANDBOXING = YES;
				GCC_C_LANGUAGE_STANDARD = gnu17;
				GCC_DYNAMIC_NO_PIC = NO;
				GCC_NO_COMMON_BLOCKS = YES;
				GCC_OPTIMIZATION_LEVEL = 0;
				GCC_PREPROCESSOR_DEFINITIONS = (
					"DEBUG=1",
					"$(inherited)",
				);
				GCC_WARN_64_TO_32_BIT_CONVERSION = YES;
				GCC_WARN_ABOUT_RETURN_TYPE = YES_ERROR;
				GCC_WARN_UNDECLARED_SELECTOR = YES;
				GCC_WARN_UNINITIALIZED_AUTOS = YES_AGGRESSIVE;
				GCC_WARN_UNUSED_FUNCTION = YES;
				GCC_WARN_UNUSED_VARIABLE = YES;
				IPHONEOS_DEPLOYMENT_TARGET = 18.5;
				LOCALIZATION_PREFERS_STRING_CATALOGS = YES;
				MTL_ENABLE_DEBUG_INFO = INCLUDE_SOURCE;
				MTL_FAST_MATH = YES;
				ONLY_ACTIVE_ARCH = YES;
				SDKROOT = iphoneos;
				SWIFT_ACTIVE_COMPILATION_CONDITIONS = "DEBUG $(inherited)";
				SWIFT_OPTIMIZATION_LEVEL = "-Onone";
			};
			name = Debug;
		};
		AC9CDE282E8F4044004270E4 /* Release */ = {
			isa = XCBuildConfiguration;
			buildSettings = {
				ALWAYS_SEARCH_USER_PATHS = NO;
				ASSETCATALOG_COMPILER_GENERATE_SWIFT_ASSET_SYMBOL_EXTENSIONS = YES;
				CLANG_ANALYZER_NONNULL = YES;
				CLANG_ANALYZER_NUMBER_OBJECT_CONVERSION = YES_AGGRESSIVE;
				CLANG_CXX_LANGUAGE_STANDARD = "gnu++20";
				CLANG_ENABLE_MODULES = YES;
				CLANG_ENABLE_OBJC_ARC = YES;
				CLANG_ENABLE_OBJC_WEAK = YES;
				CLANG_WARN_BLOCK_CAPTURE_AUTORELEASING = YES;
				CLANG_WARN_BOOL_CONVERSION = YES;
				CLANG_WARN_COMMA = YES;
				CLANG_WARN_CONSTANT_CONVERSION = YES;
				CLANG_WARN_DEPRECATED_OBJC_IMPLEMENTATIONS = YES;
				CLANG_WARN_DIRECT_OBJC_ISA_USAGE = YES_ERROR;
				CLANG_WARN_DOCUMENTATION_COMMENTS = YES;
				CLANG_WARN_EMPTY_BODY = YES;
				CLANG_WARN_ENUM_CONVERSION = YES;
				CLANG_WARN_INFINITE_RECURSION = YES;
				CLANG_WARN_INT_CONVERSION = YES;
				CLANG_WARN_NON_LITERAL_NULL_CONVERSION = YES;
				CLANG_WARN_OBJC_IMPLICIT_RETAIN_SELF = YES;
				CLANG_WARN_OBJC_LITERAL_CONVERSION = YES;
				CLANG_WARN_OBJC_ROOT_CLASS = YES_ERROR;
				CLANG_WARN_QUOTED_INCLUDE_IN_FRAMEWORK_HEADER = YES;
				CLANG_WARN_RANGE_LOOP_ANALYSIS = YES;
				CLANG_WARN_STRICT_PROTOTYPES = YES;
				CLANG_WARN_SUSPICIOUS_MOVE = YES;
				CLANG_WARN_UNGUARDED_AVAILABILITY = YES_AGGRESSIVE;
				CLANG_WARN_UNREACHABLE_CODE = YES;
				CLANG_WARN__DUPLICATE_METHOD_MATCH = YES;
				COPY_PHASE_STRIP = NO;
				DEBUG_INFORMATION_FORMAT = "dwarf-with-dsym";
				DEVELOPMENT_TEAM = G89EWQ8NK5;
				ENABLE_NS_ASSERTIONS = NO;
				ENABLE_STRICT_OBJC_MSGSEND = YES;
				ENABLE_USER_SCRIPT_SANDBOXING = YES;
				GCC_C_LANGUAGE_STANDARD = gnu17;
				GCC_NO_COMMON_BLOCKS = YES;
				GCC_WARN_64_TO_32_BIT_CONVERSION = YES;
				GCC_WARN_ABOUT_RETURN_TYPE = YES_ERROR;
				GCC_WARN_UNDECLARED_SELECTOR = YES;
				GCC_WARN_UNINITIALIZED_AUTOS = YES_AGGRESSIVE;
				GCC_WARN_UNUSED_FUNCTION = YES;
				GCC_WARN_UNUSED_VARIABLE = YES;
				IPHONEOS_DEPLOYMENT_TARGET = 18.5;
				LOCALIZATION_PREFERS_STRING_CATALOGS = YES;
				MTL_ENABLE_DEBUG_INFO = NO;
				MTL_FAST_MATH = YES;
				SDKROOT = iphoneos;
				SWIFT_COMPILATION_MODE = wholemodule;
				VALIDATE_PRODUCT = YES;
			};
			name = Release;
		};
		AC9CDE2A2E8F4044004270E4 /* Debug */ = {
			isa = XCBuildConfiguration;
			buildSettings = {
				ASSETCATALOG_COMPILER_APPICON_NAME = AppIcon;
				ASSETCATALOG_COMPILER_GLOBAL_ACCENT_COLOR_NAME = AccentColor;
				CODE_SIGN_STYLE = Automatic;
				CURRENT_PROJECT_VERSION = 1;
				DEVELOPMENT_TEAM = G89EWQ8NK5;
				GENERATE_INFOPLIST_FILE = YES;
				INFOPLIST_KEY_UIApplicationSupportsIndirectInputEvents = YES;
				INFOPLIST_KEY_UILaunchStoryboardName = LaunchScreen;
				INFOPLIST_KEY_UIMainStoryboardFile = Main;
				INFOPLIST_KEY_UIStatusBarHidden = YES;
				INFOPLIST_KEY_UISupportedInterfaceOrientations_iPad = "UIInterfaceOrientationPortrait UIInterfaceOrientationPortraitUpsideDown UIInterfaceOrientationLandscapeLeft UIInterfaceOrientationLandscapeRight";
				INFOPLIST_KEY_UISupportedInterfaceOrientations_iPhone = "UIInterfaceOrientationPortrait UIInterfaceOrientationLandscapeLeft UIInterfaceOrientationLandscapeRight";
				LD_RUNPATH_SEARCH_PATHS = (
					"$(inherited)",
					"@executable_path/Frameworks",
				);
				MARKETING_VERSION = 1.0;
				PRODUCT_BUNDLE_IDENTIFIER = "LameGames.Blast-Away";
				PRODUCT_NAME = "$(TARGET_NAME)";
				SWIFT_EMIT_LOC_STRINGS = YES;
				SWIFT_VERSION = 5.0;
				TARGETED_DEVICE_FAMILY = "1,2";
			};
			name = Debug;
		};
		AC9CDE2B2E8F4044004270E4 /* Release */ = {
			isa = XCBuildConfiguration;
			buildSettings = {
				ASSETCATALOG_COMPILER_APPICON_NAME = AppIcon;
				ASSETCATALOG_COMPILER_GLOBAL_ACCENT_COLOR_NAME = AccentColor;
				CODE_SIGN_STYLE = Automatic;
				CURRENT_PROJECT_VERSION = 1;
				DEVELOPMENT_TEAM = G89EWQ8NK5;
				GENERATE_INFOPLIST_FILE = YES;
				INFOPLIST_KEY_UIApplicationSupportsIndirectInputEvents = YES;
				INFOPLIST_KEY_UILaunchStoryboardName = LaunchScreen;
				INFOPLIST_KEY_UIMainStoryboardFile = Main;
				INFOPLIST_KEY_UIStatusBarHidden = YES;
				INFOPLIST_KEY_UISupportedInterfaceOrientations_iPad = "UIInterfaceOrientationPortrait UIInterfaceOrientationPortraitUpsideDown UIInterfaceOrientationLandscapeLeft UIInterfaceOrientationLandscapeRight";
				INFOPLIST_KEY_UISupportedInterfaceOrientations_iPhone = "UIInterfaceOrientationPortrait UIInterfaceOrientationLandscapeLeft UIInterfaceOrientationLandscapeRight";
				LD_RUNPATH_SEARCH_PATHS = (
					"$(inherited)",
					"@executable_path/Frameworks",
				);
				MARKETING_VERSION = 1.0;
				PRODUCT_BUNDLE_IDENTIFIER = "LameGames.Blast-Away";
				PRODUCT_NAME = "$(TARGET_NAME)";
				SWIFT_EMIT_LOC_STRINGS = YES;
				SWIFT_VERSION = 5.0;
				TARGETED_DEVICE_FAMILY = "1,2";
			};
			name = Release;
		};
		AC9CDE2D2E8F4044004270E4 /* Debug */ = {
			isa = XCBuildConfiguration;
			buildSettings = {
				BUNDLE_LOADER = "$(TEST_HOST)";
				CODE_SIGN_STYLE = Automatic;
				CURRENT_PROJECT_VERSION = 1;
				DEVELOPMENT_TEAM = G89EWQ8NK5;
				GENERATE_INFOPLIST_FILE = YES;
				IPHONEOS_DEPLOYMENT_TARGET = 18.5;
				MARKETING_VERSION = 1.0;
				PRODUCT_BUNDLE_IDENTIFIER = "LameGames.Blast-AwayTests";
				PRODUCT_NAME = "$(TARGET_NAME)";
				SWIFT_EMIT_LOC_STRINGS = NO;
				SWIFT_VERSION = 5.0;
				TARGETED_DEVICE_FAMILY = "1,2";
				TEST_HOST = "$(BUILT_PRODUCTS_DIR)/Blast Away.app/$(BUNDLE_EXECUTABLE_FOLDER_PATH)/Blast Away";
			};
			name = Debug;
		};
		AC9CDE2E2E8F4044004270E4 /* Release */ = {
			isa = XCBuildConfiguration;
			buildSettings = {
				BUNDLE_LOADER = "$(TEST_HOST)";
				CODE_SIGN_STYLE = Automatic;
				CURRENT_PROJECT_VERSION = 1;
				DEVELOPMENT_TEAM = G89EWQ8NK5;
				GENERATE_INFOPLIST_FILE = YES;
				IPHONEOS_DEPLOYMENT_TARGET = 18.5;
				MARKETING_VERSION = 1.0;
				PRODUCT_BUNDLE_IDENTIFIER = "LameGames.Blast-AwayTests";
				PRODUCT_NAME = "$(TARGET_NAME)";
				SWIFT_EMIT_LOC_STRINGS = NO;
				SWIFT_VERSION = 5.0;
				TARGETED_DEVICE_FAMILY = "1,2";
				TEST_HOST = "$(BUILT_PRODUCTS_DIR)/Blast Away.app/$(BUNDLE_EXECUTABLE_FOLDER_PATH)/Blast Away";
			};
			name = Release;
		};
		AC9CDE302E8F4044004270E4 /* Debug */ = {
			isa = XCBuildConfiguration;
			buildSettings = {
				CODE_SIGN_STYLE = Automatic;
				CURRENT_PROJECT_VERSION = 1;
				DEVELOPMENT_TEAM = G89EWQ8NK5;
				GENERATE_INFOPLIST_FILE = YES;
				MARKETING_VERSION = 1.0;
				PRODUCT_BUNDLE_IDENTIFIER = "LameGames.Blast-AwayUITests";
				PRODUCT_NAME = "$(TARGET_NAME)";
				SWIFT_EMIT_LOC_STRINGS = NO;
				SWIFT_VERSION = 5.0;
				TARGETED_DEVICE_FAMILY = "1,2";
				TEST_TARGET_NAME = "Blast Away";
			};
			name = Debug;
		};
		AC9CDE312E8F4044004270E4 /* Release */ = {
			isa = XCBuildConfiguration;
			buildSettings = {
				CODE_SIGN_STYLE = Automatic;
				CURRENT_PROJECT_VERSION = 1;
				DEVELOPMENT_TEAM = G89EWQ8NK5;
				GENERATE_INFOPLIST_FILE = YES;
				MARKETING_VERSION = 1.0;
				PRODUCT_BUNDLE_IDENTIFIER = "LameGames.Blast-AwayUITests";
				PRODUCT_NAME = "$(TARGET_NAME)";
				SWIFT_EMIT_LOC_STRINGS = NO;
				SWIFT_VERSION = 5.0;
				TARGETED_DEVICE_FAMILY = "1,2";
				TEST_TARGET_NAME = "Blast Away";
			};
			name = Release;
		};
/* End XCBuildConfiguration section */

/* Begin XCConfigurationList section */
		AC9CDDF72E8F4043004270E4 /* Build configuration list for PBXProject "Blast Away" */ = {
			isa = XCConfigurationList;
			buildConfigurations = (
				AC9CDE272E8F4044004270E4 /* Debug */,
				AC9CDE282E8F4044004270E4 /* Release */,
			);
			defaultConfigurationIsVisible = 0;
			defaultConfigurationName = Release;
		};
		AC9CDE292E8F4044004270E4 /* Build configuration list for PBXNativeTarget "Blast Away" */ = {
			isa = XCConfigurationList;
			buildConfigurations = (
				AC9CDE2A2E8F4044004270E4 /* Debug */,
				AC9CDE2B2E8F4044004270E4 /* Release */,
			);
			defaultConfigurationIsVisible = 0;
			defaultConfigurationName = Release;
		};
		AC9CDE2C2E8F4044004270E4 /* Build configuration list for PBXNativeTarget "Blast AwayTests" */ = {
			isa = XCConfigurationList;
			buildConfigurations = (
				AC9CDE2D2E8F4044004270E4 /* Debug */,
				AC9CDE2E2E8F4044004270E4 /* Release */,
			);
			defaultConfigurationIsVisible = 0;
			defaultConfigurationName = Release;
		};
		AC9CDE2F2E8F4044004270E4 /* Build configuration list for PBXNativeTarget "Blast AwayUITests" */ = {
			isa = XCConfigurationList;
			buildConfigurations = (
				AC9CDE302E8F4044004270E4 /* Debug */,
				AC9CDE312E8F4044004270E4 /* Release */,
			);
			defaultConfigurationIsVisible = 0;
			defaultConfigurationName = Release;
		};
/* End XCConfigurationList section */
	};
	rootObject = AC9CDDF42E8F4042004270E4 /* Project object */;
}
